
Microsoft Visual Studio Solution File, Format Version 12.00
# Visual Studio Version 16
VisualStudioVersion = 16.0.30320.27
MinimumVisualStudioVersion = 10.0.40219.1
Project("{FAE04EC0-301F-11D3-BF4B-00C04F79EFBC}") = "LoginPage", "LoginPage\LoginPage.csproj", "{A08E1032-2393-4F6A-BDF1-44EA37D15710}"
EndProject
Global
	GlobalSection(SolutionConfigurationPlatforms) = preSolution
		Debug|Any CPU = Debug|Any CPU
		Release|Any CPU = Release|Any CPU
	EndGlobalSection
	GlobalSection(ProjectConfigurationPlatforms) = postSolution
		{A08E1032-2393-4F6A-BDF1-44EA37D15710}.Debug|Any CPU.ActiveCfg = Debug|Any CPU
		{A08E1032-2393-4F6A-BDF1-44EA37D15710}.Debug|Any CPU.Build.0 = Debug|Any CPU
		{A08E1032-2393-4F6A-BDF1-44EA37D15710}.Release|Any CPU.ActiveCfg = Release|Any CPU
		{A08E1032-2393-4F6A-BDF1-44EA37D15710}.Release|Any CPU.Build.0 = Release|Any CPU
	EndGlobalSection
	GlobalSection(SolutionProperties) = preSolution
		HideSolutionNode = FALSE
	EndGlobalSection
	GlobalSection(ExtensibilityGlobals) = postSolution
		SolutionGuid = {E77414E9-3899-4922-884C-E467F47D0161}
	EndGlobalSection
EndGlobal
